
Microsoft Visual Studio Solution File, Format Version 12.00
# Visual Studio Version 17
VisualStudioVersion = 17.9.34728.123
MinimumVisualStudioVersion = 10.0.40219.1
Project("{9A19103F-16F7-4668-BE54-9A1E7A4F7556}") = "SPHSS.Repository", "SPHSS.Repository\SPHSS.Repository.csproj", "{A4FC8D58-C44D-47DC-AB93-49472566E8D0}"
EndProject
Project("{FAE04EC0-301F-11D3-BF4B-00C04F79EFBC}") = "SPHSS.Services", "SPHSS.Services\SPHSS.Services.csproj", "{89E9706F-B388-4D2E-A7FD-42872499D34C}"
EndProject
Project("{FAE04EC0-301F-11D3-BF4B-00C04F79EFBC}") = "SPHSS.APIServices", "SPHSS.APIServices\SPHSS.APIServices.csproj", "{18357296-D1E1-4A1F-9811-504A5C18E5CD}"
EndProject
Global
	GlobalSection(SolutionConfigurationPlatforms) = preSolution
		Debug|Any CPU = Debug|Any CPU
		Release|Any CPU = Release|Any CPU
	EndGlobalSection
	GlobalSection(ProjectConfigurationPlatforms) = postSolution
		{A4FC8D58-C44D-47DC-AB93-49472566E8D0}.Debug|Any CPU.ActiveCfg = Debug|Any CPU
		{A4FC8D58-C44D-47DC-AB93-49472566E8D0}.Debug|Any CPU.Build.0 = Debug|Any CPU
		{A4FC8D58-C44D-47DC-AB93-49472566E8D0}.Release|Any CPU.ActiveCfg = Release|Any CPU
		{A4FC8D58-C44D-47DC-AB93-49472566E8D0}.Release|Any CPU.Build.0 = Release|Any CPU
		{89E9706F-B388-4D2E-A7FD-42872499D34C}.Debug|Any CPU.ActiveCfg = Debug|Any CPU
		{89E9706F-B388-4D2E-A7FD-42872499D34C}.Debug|Any CPU.Build.0 = Debug|Any CPU
		{89E9706F-B388-4D2E-A7FD-42872499D34C}.Release|Any CPU.ActiveCfg = Release|Any CPU
		{89E9706F-B388-4D2E-A7FD-42872499D34C}.Release|Any CPU.Build.0 = Release|Any CPU
		{18357296-D1E1-4A1F-9811-504A5C18E5CD}.Debug|Any CPU.ActiveCfg = Debug|Any CPU
		{18357296-D1E1-4A1F-9811-504A5C18E5CD}.Debug|Any CPU.Build.0 = Debug|Any CPU
		{18357296-D1E1-4A1F-9811-504A5C18E5CD}.Release|Any CPU.ActiveCfg = Release|Any CPU
		{18357296-D1E1-4A1F-9811-504A5C18E5CD}.Release|Any CPU.Build.0 = Release|Any CPU
	EndGlobalSection
	GlobalSection(SolutionProperties) = preSolution
		HideSolutionNode = FALSE
	EndGlobalSection
	GlobalSection(ExtensibilityGlobals) = postSolution
		SolutionGuid = {CE8A4795-52DB-4061-AA6C-3EA6A54639A2}
	EndGlobalSection
EndGlobal
